
Microsoft Visual Studio Solution File, Format Version 12.00
# Visual Studio Version 17
VisualStudioVersion = 17.1.32210.238
MinimumVisualStudioVersion = 10.0.40219.1
Project("{FAE04EC0-301F-11D3-BF4B-00C04F79EFBC}") = "ConsoleApp10", "ConsoleApp10\ConsoleApp10.csproj", "{C315B8DE-C466-4404-8980-D208FB6BE5A4}"
EndProject
Global
	GlobalSection(SolutionConfigurationPlatforms) = preSolution
		Debug|Any CPU = Debug|Any CPU
		Release|Any CPU = Release|Any CPU
	EndGlobalSection
	GlobalSection(ProjectConfigurationPlatforms) = postSolution
		{C315B8DE-C466-4404-8980-D208FB6BE5A4}.Debug|Any CPU.ActiveCfg = Debug|Any CPU
		{C315B8DE-C466-4404-8980-D208FB6BE5A4}.Debug|Any CPU.Build.0 = Debug|Any CPU
		{C315B8DE-C466-4404-8980-D208FB6BE5A4}.Release|Any CPU.ActiveCfg = Release|Any CPU
		{C315B8DE-C466-4404-8980-D208FB6BE5A4}.Release|Any CPU.Build.0 = Release|Any CPU
	EndGlobalSection
	GlobalSection(SolutionProperties) = preSolution
		HideSolutionNode = FALSE
	EndGlobalSection
	GlobalSection(ExtensibilityGlobals) = postSolution
		SolutionGuid = {47BFC942-2989-40FA-BF4E-2B1AEC1AB16A}
	EndGlobalSection
EndGlobal
