
Microsoft Visual Studio Solution File, Format Version 12.00
# Visual Studio Version 17
VisualStudioVersion = 17.1.32210.238
MinimumVisualStudioVersion = 10.0.40219.1
Project("{FAE04EC0-301F-11D3-BF4B-00C04F79EFBC}") = "Class2", "Class2\Class2.csproj", "{EC108338-D2BB-4E0C-A96C-4F8062D932A2}"
EndProject
Global
	GlobalSection(SolutionConfigurationPlatforms) = preSolution
		Debug|Any CPU = Debug|Any CPU
		Release|Any CPU = Release|Any CPU
	EndGlobalSection
	GlobalSection(ProjectConfigurationPlatforms) = postSolution
		{EC108338-D2BB-4E0C-A96C-4F8062D932A2}.Debug|Any CPU.ActiveCfg = Debug|Any CPU
		{EC108338-D2BB-4E0C-A96C-4F8062D932A2}.Debug|Any CPU.Build.0 = Debug|Any CPU
		{EC108338-D2BB-4E0C-A96C-4F8062D932A2}.Release|Any CPU.ActiveCfg = Release|Any CPU
		{EC108338-D2BB-4E0C-A96C-4F8062D932A2}.Release|Any CPU.Build.0 = Release|Any CPU
	EndGlobalSection
	GlobalSection(SolutionProperties) = preSolution
		HideSolutionNode = FALSE
	EndGlobalSection
	GlobalSection(ExtensibilityGlobals) = postSolution
		SolutionGuid = {1626A402-97BB-4C97-BE16-A8DE5FBF4723}
	EndGlobalSection
EndGlobal
